
Microsoft Visual Studio Solution File, Format Version 12.00
# Visual Studio Version 16
VisualStudioVersion = 16.0.32228.343
MinimumVisualStudioVersion = 10.0.40219.1
Project("{FAE04EC0-301F-11D3-BF4B-00C04F79EFBC}") = "Begin1", "Begin1\Begin1.csproj", "{F7B18F0E-0710-4A0A-AABA-6C3B08E58093}"
EndProject
Project("{FAE04EC0-301F-11D3-BF4B-00C04F79EFBC}") = "Begin4", "Begin4\Begin4.csproj", "{FE3BD097-FA78-45E1-8253-B8CA0CD39ED4}"
EndProject
Project("{FAE04EC0-301F-11D3-BF4B-00C04F79EFBC}") = "Begin6", "Begin6\Begin6.csproj", "{E9EB3A1E-023E-4007-B024-210899FA7CC0}"
EndProject
Project("{FAE04EC0-301F-11D3-BF4B-00C04F79EFBC}") = "Begin9", "Begin9\Begin9.csproj", "{81A9AD49-5706-41B8-ADB8-FFE7A0D5CA71}"
EndProject
Project("{FAE04EC0-301F-11D3-BF4B-00C04F79EFBC}") = "Begin12", "Begin12\Begin12.csproj", "{F06D4984-F7BA-42AA-AFAD-B07AC6C3D2B7}"
EndProject
Project("{FAE04EC0-301F-11D3-BF4B-00C04F79EFBC}") = "Begin25", "Begin25\Begin25.csproj", "{5C0937FC-07E2-4ECB-960D-8838F122BDFA}"
EndProject
Project("{FAE04EC0-301F-11D3-BF4B-00C04F79EFBC}") = "Begin31", "Begin31\Begin31.csproj", "{A4F8D988-83B0-450E-A02F-937819F475FF}"
EndProject
Project("{FAE04EC0-301F-11D3-BF4B-00C04F79EFBC}") = "Begin38", "Begin38\Begin38.csproj", "{910B29EF-BE8D-44C4-A445-456DFC6495D3}"
EndProject
Project("{FAE04EC0-301F-11D3-BF4B-00C04F79EFBC}") = "Integro1", "Integro1\Integro1.csproj", "{AD9C0B84-D739-460E-B08D-32F4851470AC}"
EndProject
Project("{FAE04EC0-301F-11D3-BF4B-00C04F79EFBC}") = "Integer10", "Integro\Integer10.csproj", "{E2EAA419-D7AC-44D3-8DB0-E2D858611139}"
EndProject
Project("{FAE04EC0-301F-11D3-BF4B-00C04F79EFBC}") = "Integer20", "Integr20\Integer20.csproj", "{BA199C67-E63F-446C-A24E-DCF41F3F2D9A}"
EndProject
Project("{FAE04EC0-301F-11D3-BF4B-00C04F79EFBC}") = "Integer21", "Integro21\Integer21.csproj", "{878C88EF-CEDD-41A6-B016-87F90CE601F0}"
EndProject
Project("{FAE04EC0-301F-11D3-BF4B-00C04F79EFBC}") = "Integer24", "Integro24\Integer24.csproj", "{6A2F5A94-B44B-4A7B-AA35-AD3AD22E2720}"
EndProject
Project("{FAE04EC0-301F-11D3-BF4B-00C04F79EFBC}") = "Integer29", "Integro29\Integer29.csproj", "{4CF917DD-C111-4F90-84E9-FD5DCCE75D8D}"
EndProject
Project("{FAE04EC0-301F-11D3-BF4B-00C04F79EFBC}") = "Integer30", "Integer30\Integer30.csproj", "{13E4AAC2-9C7C-494B-AC41-A861A558ECE8}"
EndProject
Project("{FAE04EC0-301F-11D3-BF4B-00C04F79EFBC}") = "Begin40", "Begin40\Begin40.csproj", "{467EA63B-54DF-4770-B68C-A69600DA785F}"
EndProject
Project("{FAE04EC0-301F-11D3-BF4B-00C04F79EFBC}") = "Boolean1", "Boolean\Boolean1.csproj", "{97D4D923-F1D4-4F86-893E-52A23B4C7388}"
EndProject
Project("{FAE04EC0-301F-11D3-BF4B-00C04F79EFBC}") = "Boolean4", "Boolean4\Boolean4.csproj", "{BF74C5BB-146D-4C74-8A15-A17008182F5A}"
EndProject
Project("{FAE04EC0-301F-11D3-BF4B-00C04F79EFBC}") = "Boolean10", "Boolean10\Boolean10.csproj", "{B791FCE0-845D-4610-B787-5C9EB13C7905}"
EndProject
Project("{FAE04EC0-301F-11D3-BF4B-00C04F79EFBC}") = "Boolean15", "Boolean15\Boolean15.csproj", "{0CF08D79-08D2-4C3E-9F98-AF2AE9C47D9D}"
EndProject
Project("{FAE04EC0-301F-11D3-BF4B-00C04F79EFBC}") = "Boolean20", "Boolean20\Boolean20.csproj", "{37883B71-2F26-458B-BAFA-FE742A8B6A75}"
EndProject
Project("{FAE04EC0-301F-11D3-BF4B-00C04F79EFBC}") = "Boolean25", "Boolean25\Boolean25.csproj", "{23421C35-633D-456F-9A69-142AFE77DE33}"
EndProject
Project("{FAE04EC0-301F-11D3-BF4B-00C04F79EFBC}") = "Boolean30", "Boolean30\Boolean30.csproj", "{D72A2A43-0049-404B-8C33-F723C1DCE888}"
EndProject
Project("{FAE04EC0-301F-11D3-BF4B-00C04F79EFBC}") = "Boolean40", "Boolean40\Boolean40.csproj", "{888BBA02-D42B-4336-9886-2994B71F7CF9}"
EndProject
Project("{FAE04EC0-301F-11D3-BF4B-00C04F79EFBC}") = "LeapYear", "LeapYear\LeapYear.csproj", "{6F597706-BA0E-490A-A7A2-63989DDCD49B}"
EndProject
Project("{FAE04EC0-301F-11D3-BF4B-00C04F79EFBC}") = "If1", "If1\If1.csproj", "{A477F2B9-6BB9-4AE6-B56D-D503E40EAE5D}"
EndProject
Project("{FAE04EC0-301F-11D3-BF4B-00C04F79EFBC}") = "If5", "If5\If5.csproj", "{9F8B7B04-B9B8-4D28-A24F-351803CAE6C9}"
EndProject
Project("{FAE04EC0-301F-11D3-BF4B-00C04F79EFBC}") = "If10", "If10\If10.csproj", "{7B8B166D-1A5B-4214-956E-D54D59796E94}"
EndProject
Project("{FAE04EC0-301F-11D3-BF4B-00C04F79EFBC}") = "If15", "If15\If15.csproj", "{959C119F-F28D-494A-BF8A-138DBCC0D8B2}"
EndProject
Project("{FAE04EC0-301F-11D3-BF4B-00C04F79EFBC}") = "If20", "If20\If20.csproj", "{7FC74C3E-B660-436B-960C-B287E64D6780}"
EndProject
Project("{FAE04EC0-301F-11D3-BF4B-00C04F79EFBC}") = "If25", "If25\If25.csproj", "{BF990B84-D980-4B2C-9C3D-8FB722E39D15}"
EndProject
Project("{FAE04EC0-301F-11D3-BF4B-00C04F79EFBC}") = "If30", "If30\If30.csproj", "{EDF1F071-5CF7-455A-BE40-745884317FF0}"
EndProject
Project("{FAE04EC0-301F-11D3-BF4B-00C04F79EFBC}") = "Case1", "Case1\Case1.csproj", "{5EF5D3CD-6EF2-4943-B647-7B7395242A2D}"
EndProject
Project("{FAE04EC0-301F-11D3-BF4B-00C04F79EFBC}") = "Case5", "Case5\Case5.csproj", "{F139C58F-DD6E-4E03-8668-DC4028253DE7}"
EndProject
Project("{FAE04EC0-301F-11D3-BF4B-00C04F79EFBC}") = "Case10", "Case10\Case10.csproj", "{3E1F7A2B-6814-4E63-8B9F-A5004489A944}"
EndProject
Project("{FAE04EC0-301F-11D3-BF4B-00C04F79EFBC}") = "Case15", "Case15\Case15.csproj", "{BD461EFD-AECC-4D51-A2D5-D48FCD5FDD37}"
EndProject
Project("{FAE04EC0-301F-11D3-BF4B-00C04F79EFBC}") = "Case20", "Case20\Case20.csproj", "{C7AF355F-F103-442B-87B3-CCCAC6E26D22}"
EndProject
Project("{FAE04EC0-301F-11D3-BF4B-00C04F79EFBC}") = "For 1", "For 1\For 1.csproj", "{9C299DB5-4DA4-4026-ABF3-A0ECC78646CC}"
EndProject
Project("{FAE04EC0-301F-11D3-BF4B-00C04F79EFBC}") = "For2", "For2\For2.csproj", "{954FE6D5-C55E-4550-BF03-8FE78E987A35}"
EndProject
Project("{FAE04EC0-301F-11D3-BF4B-00C04F79EFBC}") = "For5", "For5\For5.csproj", "{0D95653D-56A9-4FEF-B955-430DBDADD0DA}"
EndProject
Project("{FAE04EC0-301F-11D3-BF4B-00C04F79EFBC}") = "For10", "For10\For10.csproj", "{FBE209A1-B844-4358-A2F3-08E77E624179}"
EndProject
Project("{FAE04EC0-301F-11D3-BF4B-00C04F79EFBC}") = "For15", "For15\For15.csproj", "{0E291AC9-25F6-4C47-9BA9-74775677717B}"
EndProject
Project("{FAE04EC0-301F-11D3-BF4B-00C04F79EFBC}") = "For20", "For20\For20.csproj", "{FA1EC4F7-1993-4178-AE65-D3D843DB9986}"
EndProject
Project("{FAE04EC0-301F-11D3-BF4B-00C04F79EFBC}") = "For25", "For25\For25.csproj", "{1AE8B084-6499-476D-B106-B8F2D9CFCFE3}"
EndProject
Project("{FAE04EC0-301F-11D3-BF4B-00C04F79EFBC}") = "For 30", "For 30\For 30.csproj", "{A878A385-3C93-4ED7-A828-FA1D2D3E9BC4}"
EndProject
Project("{FAE04EC0-301F-11D3-BF4B-00C04F79EFBC}") = "For40", "For40\For40.csproj", "{CA970C81-EF42-4FD5-830A-B86AC2415788}"
EndProject
Project("{FAE04EC0-301F-11D3-BF4B-00C04F79EFBC}") = "While1", "While\While1.csproj", "{93D18335-DA0F-4E8A-93AA-49B1B4FDBD81}"
EndProject
Project("{FAE04EC0-301F-11D3-BF4B-00C04F79EFBC}") = "While5", "While5\While5.csproj", "{714633E7-13B6-4D82-94D3-6491A10E885C}"
EndProject
Project("{FAE04EC0-301F-11D3-BF4B-00C04F79EFBC}") = "While10", "While10\While10.csproj", "{F0DC4FC9-5BFB-468D-AD0C-BF25AD73AEDD}"
EndProject
Project("{FAE04EC0-301F-11D3-BF4B-00C04F79EFBC}") = "While15", "While15\While15.csproj", "{66967761-102F-4353-8D51-47B415B55495}"
EndProject
Project("{FAE04EC0-301F-11D3-BF4B-00C04F79EFBC}") = "While20", "While20\While20.csproj", "{C7AC5CB1-46C5-454D-8E93-D73FCF0C1C21}"
EndProject
Project("{FAE04EC0-301F-11D3-BF4B-00C04F79EFBC}") = "While30", "Wheil25\While30.csproj", "{86C2DAA6-0048-4839-8E05-42E5B768C67A}"
EndProject
Project("{FAE04EC0-301F-11D3-BF4B-00C04F79EFBC}") = "Series1", "Series1\Series1.csproj", "{905D4A3E-66E0-4761-922E-5A5059C4B44B}"
EndProject
Project("{FAE04EC0-301F-11D3-BF4B-00C04F79EFBC}") = "Series4", "Series4\Series4.csproj", "{CD7BD47C-1A3C-45A4-A1BA-BE78D22D237F}"
EndProject
Project("{FAE04EC0-301F-11D3-BF4B-00C04F79EFBC}") = "Series10", "Series10\Series10.csproj", "{07A04F71-1CE6-43C5-9C73-09545807DC10}"
EndProject
Project("{FAE04EC0-301F-11D3-BF4B-00C04F79EFBC}") = "Series15", "Series15\Series15.csproj", "{4C142C8D-BCC8-41FE-B662-9CE4177C4D97}"
EndProject
Project("{FAE04EC0-301F-11D3-BF4B-00C04F79EFBC}") = "Series20", "Series20\Series20.csproj", "{548F97CD-F0F9-4492-9282-0796AB6C380B}"
EndProject
Project("{FAE04EC0-301F-11D3-BF4B-00C04F79EFBC}") = "Series25", "Series25\Series25.csproj", "{253EF705-1EA2-4F45-ACED-89F2A8337EB8}"
EndProject
Project("{FAE04EC0-301F-11D3-BF4B-00C04F79EFBC}") = "Series30", "Series30\Series30.csproj", "{32B535BB-43D6-4948-B9C8-E13C689034EC}"
EndProject
Project("{FAE04EC0-301F-11D3-BF4B-00C04F79EFBC}") = "Series35", "Series35\Series35.csproj", "{EA23CA40-EE47-4BBC-9B46-CD117A75CDFA}"
EndProject
Project("{FAE04EC0-301F-11D3-BF4B-00C04F79EFBC}") = "Series40", "Series40\Series40.csproj", "{C21BF778-98E3-41DB-AA65-5611529D17A9}"
EndProject
Project("{FAE04EC0-301F-11D3-BF4B-00C04F79EFBC}") = "Series23", "Series23\Series23.csproj", "{45C022E5-739D-43A1-B573-68F752385232}"
EndProject
Project("{FAE04EC0-301F-11D3-BF4B-00C04F79EFBC}") = "Proc1", "Proc\Proc1.csproj", "{BF28D1B6-5640-400A-9A60-486465839730}"
EndProject
Project("{FAE04EC0-301F-11D3-BF4B-00C04F79EFBC}") = "Proc6", "Proc6\Proc6.csproj", "{40345234-E89F-4E70-A3EB-2A089A62B549}"
EndProject
Project("{FAE04EC0-301F-11D3-BF4B-00C04F79EFBC}") = "Proc15", "Proc15\Proc15.csproj", "{516B73FA-4D2D-4002-B26B-FC31C1B7DBFB}"
EndProject
Project("{FAE04EC0-301F-11D3-BF4B-00C04F79EFBC}") = "Proc20", "Proc20\Proc20.csproj", "{1350B476-EA2D-4888-A445-6E6130C676C0}"
EndProject
Project("{FAE04EC0-301F-11D3-BF4B-00C04F79EFBC}") = "Proc25", "Proc25\Proc25.csproj", "{4661F86D-0DD1-499E-8F23-AF5C1A042410}"
EndProject
Project("{FAE04EC0-301F-11D3-BF4B-00C04F79EFBC}") = "Proc30_1", "Proc30_1\Proc30_1.csproj", "{E7A03FF1-86F2-480A-A4CD-69864B718035}"
EndProject
Project("{FAE04EC0-301F-11D3-BF4B-00C04F79EFBC}") = "Proc35", "Proc35\Proc35.csproj", "{42AE7DA0-9ACB-4DAC-9031-5C90D4E7E2B9}"
EndProject
Project("{FAE04EC0-301F-11D3-BF4B-00C04F79EFBC}") = "Proc37", "Proc37\Proc37.csproj", "{39EAF236-525A-41C4-ADB8-C36097A72C21}"
EndProject
Project("{FAE04EC0-301F-11D3-BF4B-00C04F79EFBC}") = "Proc38", "Proc38\Proc38.csproj", "{986B3F93-2C15-4961-8F23-534B08777A12}"
EndProject
Project("{FAE04EC0-301F-11D3-BF4B-00C04F79EFBC}") = "Proc46", "Proc46\Proc46.csproj", "{F2E51E84-A331-406D-ACFF-AE9E961D11DE}"
EndProject
Project("{FAE04EC0-301F-11D3-BF4B-00C04F79EFBC}") = "Proc50", "Proc50\Proc50.csproj", "{A4860AFD-57E0-4D7E-A5C1-D928AE4F36B8}"
EndProject
Project("{FAE04EC0-301F-11D3-BF4B-00C04F79EFBC}") = "Proc53", "Proc53\Proc53.csproj", "{08EF18B5-50AF-4AB2-B9EF-194055D7704B}"
EndProject
Project("{FAE04EC0-301F-11D3-BF4B-00C04F79EFBC}") = "Proc56", "Proc56\Proc56.csproj", "{DA3FA029-BB01-4412-ADB5-3A068824172C}"
EndProject
Project("{FAE04EC0-301F-11D3-BF4B-00C04F79EFBC}") = "MaxMin1", "MaxMin1\MaxMin1.csproj", "{A0494566-977C-4764-9308-E65200945BF2}"
EndProject
Project("{FAE04EC0-301F-11D3-BF4B-00C04F79EFBC}") = "MinMax30", "MinMax30\MinMax30.csproj", "{24D1EA2C-E4EA-4E3A-B6DE-CC6E5E17960D}"
EndProject
Project("{FAE04EC0-301F-11D3-BF4B-00C04F79EFBC}") = "Array7", "Array7\Array7.csproj", "{EA2C0B6F-ACE0-4A73-99B0-E716D56C0E99}"
EndProject
Project("{FAE04EC0-301F-11D3-BF4B-00C04F79EFBC}") = "Array15", "Array15\Array15.csproj", "{9EF1CBF5-967B-40F6-A008-E4A2E5437832}"
EndProject
Project("{FAE04EC0-301F-11D3-BF4B-00C04F79EFBC}") = "Array20", "Array20\Array20.csproj", "{516BB6F2-BCFC-452C-86B8-D1DDE76D346A}"
EndProject
Project("{FAE04EC0-301F-11D3-BF4B-00C04F79EFBC}") = "Array30", "Array30\Array30.csproj", "{92107233-4AF1-4E7C-BC80-ED74F440A41F}"
EndProject
Project("{FAE04EC0-301F-11D3-BF4B-00C04F79EFBC}") = "Array40", "Array40\Array40.csproj", "{F2277CAB-8205-48BA-B8E3-937E691F2290}"
EndProject
Global
	GlobalSection(SolutionConfigurationPlatforms) = preSolution
		Debug|Any CPU = Debug|Any CPU
		Release|Any CPU = Release|Any CPU
	EndGlobalSection
	GlobalSection(ProjectConfigurationPlatforms) = postSolution
		{F7B18F0E-0710-4A0A-AABA-6C3B08E58093}.Debug|Any CPU.ActiveCfg = Debug|Any CPU
		{F7B18F0E-0710-4A0A-AABA-6C3B08E58093}.Debug|Any CPU.Build.0 = Debug|Any CPU
		{F7B18F0E-0710-4A0A-AABA-6C3B08E58093}.Release|Any CPU.ActiveCfg = Release|Any CPU
		{F7B18F0E-0710-4A0A-AABA-6C3B08E58093}.Release|Any CPU.Build.0 = Release|Any CPU
		{FE3BD097-FA78-45E1-8253-B8CA0CD39ED4}.Debug|Any CPU.ActiveCfg = Debug|Any CPU
		{FE3BD097-FA78-45E1-8253-B8CA0CD39ED4}.Debug|Any CPU.Build.0 = Debug|Any CPU
		{FE3BD097-FA78-45E1-8253-B8CA0CD39ED4}.Release|Any CPU.ActiveCfg = Release|Any CPU
		{FE3BD097-FA78-45E1-8253-B8CA0CD39ED4}.Release|Any CPU.Build.0 = Release|Any CPU
		{E9EB3A1E-023E-4007-B024-210899FA7CC0}.Debug|Any CPU.ActiveCfg = Debug|Any CPU
		{E9EB3A1E-023E-4007-B024-210899FA7CC0}.Debug|Any CPU.Build.0 = Debug|Any CPU
		{E9EB3A1E-023E-4007-B024-210899FA7CC0}.Release|Any CPU.ActiveCfg = Release|Any CPU
		{E9EB3A1E-023E-4007-B024-210899FA7CC0}.Release|Any CPU.Build.0 = Release|Any CPU
		{81A9AD49-5706-41B8-ADB8-FFE7A0D5CA71}.Debug|Any CPU.ActiveCfg = Debug|Any CPU
		{81A9AD49-5706-41B8-ADB8-FFE7A0D5CA71}.Debug|Any CPU.Build.0 = Debug|Any CPU
		{81A9AD49-5706-41B8-ADB8-FFE7A0D5CA71}.Release|Any CPU.ActiveCfg = Release|Any CPU
		{81A9AD49-5706-41B8-ADB8-FFE7A0D5CA71}.Release|Any CPU.Build.0 = Release|Any CPU
		{F06D4984-F7BA-42AA-AFAD-B07AC6C3D2B7}.Debug|Any CPU.ActiveCfg = Debug|Any CPU
		{F06D4984-F7BA-42AA-AFAD-B07AC6C3D2B7}.Debug|Any CPU.Build.0 = Debug|Any CPU
		{F06D4984-F7BA-42AA-AFAD-B07AC6C3D2B7}.Release|Any CPU.ActiveCfg = Release|Any CPU
		{F06D4984-F7BA-42AA-AFAD-B07AC6C3D2B7}.Release|Any CPU.Build.0 = Release|Any CPU
		{5C0937FC-07E2-4ECB-960D-8838F122BDFA}.Debug|Any CPU.ActiveCfg = Debug|Any CPU
		{5C0937FC-07E2-4ECB-960D-8838F122BDFA}.Debug|Any CPU.Build.0 = Debug|Any CPU
		{5C0937FC-07E2-4ECB-960D-8838F122BDFA}.Release|Any CPU.ActiveCfg = Release|Any CPU
		{5C0937FC-07E2-4ECB-960D-8838F122BDFA}.Release|Any CPU.Build.0 = Release|Any CPU
		{A4F8D988-83B0-450E-A02F-937819F475FF}.Debug|Any CPU.ActiveCfg = Debug|Any CPU
		{A4F8D988-83B0-450E-A02F-937819F475FF}.Debug|Any CPU.Build.0 = Debug|Any CPU
		{A4F8D988-83B0-450E-A02F-937819F475FF}.Release|Any CPU.ActiveCfg = Release|Any CPU
		{A4F8D988-83B0-450E-A02F-937819F475FF}.Release|Any CPU.Build.0 = Release|Any CPU
		{910B29EF-BE8D-44C4-A445-456DFC6495D3}.Debug|Any CPU.ActiveCfg = Debug|Any CPU
		{910B29EF-BE8D-44C4-A445-456DFC6495D3}.Debug|Any CPU.Build.0 = Debug|Any CPU
		{910B29EF-BE8D-44C4-A445-456DFC6495D3}.Release|Any CPU.ActiveCfg = Release|Any CPU
		{910B29EF-BE8D-44C4-A445-456DFC6495D3}.Release|Any CPU.Build.0 = Release|Any CPU
		{AD9C0B84-D739-460E-B08D-32F4851470AC}.Debug|Any CPU.ActiveCfg = Debug|Any CPU
		{AD9C0B84-D739-460E-B08D-32F4851470AC}.Debug|Any CPU.Build.0 = Debug|Any CPU
		{AD9C0B84-D739-460E-B08D-32F4851470AC}.Release|Any CPU.ActiveCfg = Release|Any CPU
		{AD9C0B84-D739-460E-B08D-32F4851470AC}.Release|Any CPU.Build.0 = Release|Any CPU
		{E2EAA419-D7AC-44D3-8DB0-E2D858611139}.Debug|Any CPU.ActiveCfg = Debug|Any CPU
		{E2EAA419-D7AC-44D3-8DB0-E2D858611139}.Debug|Any CPU.Build.0 = Debug|Any CPU
		{E2EAA419-D7AC-44D3-8DB0-E2D858611139}.Release|Any CPU.ActiveCfg = Release|Any CPU
		{E2EAA419-D7AC-44D3-8DB0-E2D858611139}.Release|Any CPU.Build.0 = Release|Any CPU
		{BA199C67-E63F-446C-A24E-DCF41F3F2D9A}.Debug|Any CPU.ActiveCfg = Debug|Any CPU
		{BA199C67-E63F-446C-A24E-DCF41F3F2D9A}.Debug|Any CPU.Build.0 = Debug|Any CPU
		{BA199C67-E63F-446C-A24E-DCF41F3F2D9A}.Release|Any CPU.ActiveCfg = Release|Any CPU
		{BA199C67-E63F-446C-A24E-DCF41F3F2D9A}.Release|Any CPU.Build.0 = Release|Any CPU
		{878C88EF-CEDD-41A6-B016-87F90CE601F0}.Debug|Any CPU.ActiveCfg = Debug|Any CPU
		{878C88EF-CEDD-41A6-B016-87F90CE601F0}.Debug|Any CPU.Build.0 = Debug|Any CPU
		{878C88EF-CEDD-41A6-B016-87F90CE601F0}.Release|Any CPU.ActiveCfg = Release|Any CPU
		{878C88EF-CEDD-41A6-B016-87F90CE601F0}.Release|Any CPU.Build.0 = Release|Any CPU
		{6A2F5A94-B44B-4A7B-AA35-AD3AD22E2720}.Debug|Any CPU.ActiveCfg = Debug|Any CPU
		{6A2F5A94-B44B-4A7B-AA35-AD3AD22E2720}.Debug|Any CPU.Build.0 = Debug|Any CPU
		{6A2F5A94-B44B-4A7B-AA35-AD3AD22E2720}.Release|Any CPU.ActiveCfg = Release|Any CPU
		{6A2F5A94-B44B-4A7B-AA35-AD3AD22E2720}.Release|Any CPU.Build.0 = Release|Any CPU
		{4CF917DD-C111-4F90-84E9-FD5DCCE75D8D}.Debug|Any CPU.ActiveCfg = Debug|Any CPU
		{4CF917DD-C111-4F90-84E9-FD5DCCE75D8D}.Debug|Any CPU.Build.0 = Debug|Any CPU
		{4CF917DD-C111-4F90-84E9-FD5DCCE75D8D}.Release|Any CPU.ActiveCfg = Release|Any CPU
		{4CF917DD-C111-4F90-84E9-FD5DCCE75D8D}.Release|Any CPU.Build.0 = Release|Any CPU
		{13E4AAC2-9C7C-494B-AC41-A861A558ECE8}.Debug|Any CPU.ActiveCfg = Debug|Any CPU
		{13E4AAC2-9C7C-494B-AC41-A861A558ECE8}.Debug|Any CPU.Build.0 = Debug|Any CPU
		{13E4AAC2-9C7C-494B-AC41-A861A558ECE8}.Release|Any CPU.ActiveCfg = Release|Any CPU
		{13E4AAC2-9C7C-494B-AC41-A861A558ECE8}.Release|Any CPU.Build.0 = Release|Any CPU
		{467EA63B-54DF-4770-B68C-A69600DA785F}.Debug|Any CPU.ActiveCfg = Debug|Any CPU
		{467EA63B-54DF-4770-B68C-A69600DA785F}.Debug|Any CPU.Build.0 = Debug|Any CPU
		{467EA63B-54DF-4770-B68C-A69600DA785F}.Release|Any CPU.ActiveCfg = Release|Any CPU
		{467EA63B-54DF-4770-B68C-A69600DA785F}.Release|Any CPU.Build.0 = Release|Any CPU
		{97D4D923-F1D4-4F86-893E-52A23B4C7388}.Debug|Any CPU.ActiveCfg = Debug|Any CPU
		{97D4D923-F1D4-4F86-893E-52A23B4C7388}.Debug|Any CPU.Build.0 = Debug|Any CPU
		{97D4D923-F1D4-4F86-893E-52A23B4C7388}.Release|Any CPU.ActiveCfg = Release|Any CPU
		{97D4D923-F1D4-4F86-893E-52A23B4C7388}.Release|Any CPU.Build.0 = Release|Any CPU
		{BF74C5BB-146D-4C74-8A15-A17008182F5A}.Debug|Any CPU.ActiveCfg = Debug|Any CPU
		{BF74C5BB-146D-4C74-8A15-A17008182F5A}.Debug|Any CPU.Build.0 = Debug|Any CPU
		{BF74C5BB-146D-4C74-8A15-A17008182F5A}.Release|Any CPU.ActiveCfg = Release|Any CPU
		{BF74C5BB-146D-4C74-8A15-A17008182F5A}.Release|Any CPU.Build.0 = Release|Any CPU
		{B791FCE0-845D-4610-B787-5C9EB13C7905}.Debug|Any CPU.ActiveCfg = Debug|Any CPU
		{B791FCE0-845D-4610-B787-5C9EB13C7905}.Debug|Any CPU.Build.0 = Debug|Any CPU
		{B791FCE0-845D-4610-B787-5C9EB13C7905}.Release|Any CPU.ActiveCfg = Release|Any CPU
		{B791FCE0-845D-4610-B787-5C9EB13C7905}.Release|Any CPU.Build.0 = Release|Any CPU
		{0CF08D79-08D2-4C3E-9F98-AF2AE9C47D9D}.Debug|Any CPU.ActiveCfg = Debug|Any CPU
		{0CF08D79-08D2-4C3E-9F98-AF2AE9C47D9D}.Debug|Any CPU.Build.0 = Debug|Any CPU
		{0CF08D79-08D2-4C3E-9F98-AF2AE9C47D9D}.Release|Any CPU.ActiveCfg = Release|Any CPU
		{0CF08D79-08D2-4C3E-9F98-AF2AE9C47D9D}.Release|Any CPU.Build.0 = Release|Any CPU
		{37883B71-2F26-458B-BAFA-FE742A8B6A75}.Debug|Any CPU.ActiveCfg = Debug|Any CPU
		{37883B71-2F26-458B-BAFA-FE742A8B6A75}.Debug|Any CPU.Build.0 = Debug|Any CPU
		{37883B71-2F26-458B-BAFA-FE742A8B6A75}.Release|Any CPU.ActiveCfg = Release|Any CPU
		{37883B71-2F26-458B-BAFA-FE742A8B6A75}.Release|Any CPU.Build.0 = Release|Any CPU
		{23421C35-633D-456F-9A69-142AFE77DE33}.Debug|Any CPU.ActiveCfg = Debug|Any CPU
		{23421C35-633D-456F-9A69-142AFE77DE33}.Debug|Any CPU.Build.0 = Debug|Any CPU
		{23421C35-633D-456F-9A69-142AFE77DE33}.Release|Any CPU.ActiveCfg = Release|Any CPU
		{23421C35-633D-456F-9A69-142AFE77DE33}.Release|Any CPU.Build.0 = Release|Any CPU
		{D72A2A43-0049-404B-8C33-F723C1DCE888}.Debug|Any CPU.ActiveCfg = Debug|Any CPU
		{D72A2A43-0049-404B-8C33-F723C1DCE888}.Debug|Any CPU.Build.0 = Debug|Any CPU
		{D72A2A43-0049-404B-8C33-F723C1DCE888}.Release|Any CPU.ActiveCfg = Release|Any CPU
		{D72A2A43-0049-404B-8C33-F723C1DCE888}.Release|Any CPU.Build.0 = Release|Any CPU
		{888BBA02-D42B-4336-9886-2994B71F7CF9}.Debug|Any CPU.ActiveCfg = Debug|Any CPU
		{888BBA02-D42B-4336-9886-2994B71F7CF9}.Debug|Any CPU.Build.0 = Debug|Any CPU
		{888BBA02-D42B-4336-9886-2994B71F7CF9}.Release|Any CPU.ActiveCfg = Release|Any CPU
		{888BBA02-D42B-4336-9886-2994B71F7CF9}.Release|Any CPU.Build.0 = Release|Any CPU
		{6F597706-BA0E-490A-A7A2-63989DDCD49B}.Debug|Any CPU.ActiveCfg = Debug|Any CPU
		{6F597706-BA0E-490A-A7A2-63989DDCD49B}.Debug|Any CPU.Build.0 = Debug|Any CPU
		{6F597706-BA0E-490A-A7A2-63989DDCD49B}.Release|Any CPU.ActiveCfg = Release|Any CPU
		{6F597706-BA0E-490A-A7A2-63989DDCD49B}.Release|Any CPU.Build.0 = Release|Any CPU
		{A477F2B9-6BB9-4AE6-B56D-D503E40EAE5D}.Debug|Any CPU.ActiveCfg = Debug|Any CPU
		{A477F2B9-6BB9-4AE6-B56D-D503E40EAE5D}.Debug|Any CPU.Build.0 = Debug|Any CPU
		{A477F2B9-6BB9-4AE6-B56D-D503E40EAE5D}.Release|Any CPU.ActiveCfg = Release|Any CPU
		{A477F2B9-6BB9-4AE6-B56D-D503E40EAE5D}.Release|Any CPU.Build.0 = Release|Any CPU
		{9F8B7B04-B9B8-4D28-A24F-351803CAE6C9}.Debug|Any CPU.ActiveCfg = Debug|Any CPU
		{9F8B7B04-B9B8-4D28-A24F-351803CAE6C9}.Debug|Any CPU.Build.0 = Debug|Any CPU
		{9F8B7B04-B9B8-4D28-A24F-351803CAE6C9}.Release|Any CPU.ActiveCfg = Release|Any CPU
		{9F8B7B04-B9B8-4D28-A24F-351803CAE6C9}.Release|Any CPU.Build.0 = Release|Any CPU
		{7B8B166D-1A5B-4214-956E-D54D59796E94}.Debug|Any CPU.ActiveCfg = Debug|Any CPU
		{7B8B166D-1A5B-4214-956E-D54D59796E94}.Debug|Any CPU.Build.0 = Debug|Any CPU
		{7B8B166D-1A5B-4214-956E-D54D59796E94}.Release|Any CPU.ActiveCfg = Release|Any CPU
		{7B8B166D-1A5B-4214-956E-D54D59796E94}.Release|Any CPU.Build.0 = Release|Any CPU
		{959C119F-F28D-494A-BF8A-138DBCC0D8B2}.Debug|Any CPU.ActiveCfg = Debug|Any CPU
		{959C119F-F28D-494A-BF8A-138DBCC0D8B2}.Debug|Any CPU.Build.0 = Debug|Any CPU
		{959C119F-F28D-494A-BF8A-138DBCC0D8B2}.Release|Any CPU.ActiveCfg = Release|Any CPU
		{959C119F-F28D-494A-BF8A-138DBCC0D8B2}.Release|Any CPU.Build.0 = Release|Any CPU
		{7FC74C3E-B660-436B-960C-B287E64D6780}.Debug|Any CPU.ActiveCfg = Debug|Any CPU
		{7FC74C3E-B660-436B-960C-B287E64D6780}.Debug|Any CPU.Build.0 = Debug|Any CPU
		{7FC74C3E-B660-436B-960C-B287E64D6780}.Release|Any CPU.ActiveCfg = Release|Any CPU
		{7FC74C3E-B660-436B-960C-B287E64D6780}.Release|Any CPU.Build.0 = Release|Any CPU
		{BF990B84-D980-4B2C-9C3D-8FB722E39D15}.Debug|Any CPU.ActiveCfg = Debug|Any CPU
		{BF990B84-D980-4B2C-9C3D-8FB722E39D15}.Debug|Any CPU.Build.0 = Debug|Any CPU
		{BF990B84-D980-4B2C-9C3D-8FB722E39D15}.Release|Any CPU.ActiveCfg = Release|Any CPU
		{BF990B84-D980-4B2C-9C3D-8FB722E39D15}.Release|Any CPU.Build.0 = Release|Any CPU
		{EDF1F071-5CF7-455A-BE40-745884317FF0}.Debug|Any CPU.ActiveCfg = Debug|Any CPU
		{EDF1F071-5CF7-455A-BE40-745884317FF0}.Debug|Any CPU.Build.0 = Debug|Any CPU
		{EDF1F071-5CF7-455A-BE40-745884317FF0}.Release|Any CPU.ActiveCfg = Release|Any CPU
		{EDF1F071-5CF7-455A-BE40-745884317FF0}.Release|Any CPU.Build.0 = Release|Any CPU
		{5EF5D3CD-6EF2-4943-B647-7B7395242A2D}.Debug|Any CPU.ActiveCfg = Debug|Any CPU
		{5EF5D3CD-6EF2-4943-B647-7B7395242A2D}.Debug|Any CPU.Build.0 = Debug|Any CPU
		{5EF5D3CD-6EF2-4943-B647-7B7395242A2D}.Release|Any CPU.ActiveCfg = Release|Any CPU
		{5EF5D3CD-6EF2-4943-B647-7B7395242A2D}.Release|Any CPU.Build.0 = Release|Any CPU
		{F139C58F-DD6E-4E03-8668-DC4028253DE7}.Debug|Any CPU.ActiveCfg = Debug|Any CPU
		{F139C58F-DD6E-4E03-8668-DC4028253DE7}.Debug|Any CPU.Build.0 = Debug|Any CPU
		{F139C58F-DD6E-4E03-8668-DC4028253DE7}.Release|Any CPU.ActiveCfg = Release|Any CPU
		{F139C58F-DD6E-4E03-8668-DC4028253DE7}.Release|Any CPU.Build.0 = Release|Any CPU
		{3E1F7A2B-6814-4E63-8B9F-A5004489A944}.Debug|Any CPU.ActiveCfg = Debug|Any CPU
		{3E1F7A2B-6814-4E63-8B9F-A5004489A944}.Debug|Any CPU.Build.0 = Debug|Any CPU
		{3E1F7A2B-6814-4E63-8B9F-A5004489A944}.Release|Any CPU.ActiveCfg = Release|Any CPU
		{3E1F7A2B-6814-4E63-8B9F-A5004489A944}.Release|Any CPU.Build.0 = Release|Any CPU
		{BD461EFD-AECC-4D51-A2D5-D48FCD5FDD37}.Debug|Any CPU.ActiveCfg = Debug|Any CPU
		{BD461EFD-AECC-4D51-A2D5-D48FCD5FDD37}.Debug|Any CPU.Build.0 = Debug|Any CPU
		{BD461EFD-AECC-4D51-A2D5-D48FCD5FDD37}.Release|Any CPU.ActiveCfg = Release|Any CPU
		{BD461EFD-AECC-4D51-A2D5-D48FCD5FDD37}.Release|Any CPU.Build.0 = Release|Any CPU
		{C7AF355F-F103-442B-87B3-CCCAC6E26D22}.Debug|Any CPU.ActiveCfg = Debug|Any CPU
		{C7AF355F-F103-442B-87B3-CCCAC6E26D22}.Debug|Any CPU.Build.0 = Debug|Any CPU
		{C7AF355F-F103-442B-87B3-CCCAC6E26D22}.Release|Any CPU.ActiveCfg = Release|Any CPU
		{C7AF355F-F103-442B-87B3-CCCAC6E26D22}.Release|Any CPU.Build.0 = Release|Any CPU
		{9C299DB5-4DA4-4026-ABF3-A0ECC78646CC}.Debug|Any CPU.ActiveCfg = Debug|Any CPU
		{9C299DB5-4DA4-4026-ABF3-A0ECC78646CC}.Debug|Any CPU.Build.0 = Debug|Any CPU
		{9C299DB5-4DA4-4026-ABF3-A0ECC78646CC}.Release|Any CPU.ActiveCfg = Release|Any CPU
		{9C299DB5-4DA4-4026-ABF3-A0ECC78646CC}.Release|Any CPU.Build.0 = Release|Any CPU
		{954FE6D5-C55E-4550-BF03-8FE78E987A35}.Debug|Any CPU.ActiveCfg = Debug|Any CPU
		{954FE6D5-C55E-4550-BF03-8FE78E987A35}.Debug|Any CPU.Build.0 = Debug|Any CPU
		{954FE6D5-C55E-4550-BF03-8FE78E987A35}.Release|Any CPU.ActiveCfg = Release|Any CPU
		{954FE6D5-C55E-4550-BF03-8FE78E987A35}.Release|Any CPU.Build.0 = Release|Any CPU
		{0D95653D-56A9-4FEF-B955-430DBDADD0DA}.Debug|Any CPU.ActiveCfg = Debug|Any CPU
		{0D95653D-56A9-4FEF-B955-430DBDADD0DA}.Debug|Any CPU.Build.0 = Debug|Any CPU
		{0D95653D-56A9-4FEF-B955-430DBDADD0DA}.Release|Any CPU.ActiveCfg = Release|Any CPU
		{0D95653D-56A9-4FEF-B955-430DBDADD0DA}.Release|Any CPU.Build.0 = Release|Any CPU
		{FBE209A1-B844-4358-A2F3-08E77E624179}.Debug|Any CPU.ActiveCfg = Debug|Any CPU
		{FBE209A1-B844-4358-A2F3-08E77E624179}.Debug|Any CPU.Build.0 = Debug|Any CPU
		{FBE209A1-B844-4358-A2F3-08E77E624179}.Release|Any CPU.ActiveCfg = Release|Any CPU
		{FBE209A1-B844-4358-A2F3-08E77E624179}.Release|Any CPU.Build.0 = Release|Any CPU
		{0E291AC9-25F6-4C47-9BA9-74775677717B}.Debug|Any CPU.ActiveCfg = Debug|Any CPU
		{0E291AC9-25F6-4C47-9BA9-74775677717B}.Debug|Any CPU.Build.0 = Debug|Any CPU
		{0E291AC9-25F6-4C47-9BA9-74775677717B}.Release|Any CPU.ActiveCfg = Release|Any CPU
		{0E291AC9-25F6-4C47-9BA9-74775677717B}.Release|Any CPU.Build.0 = Release|Any CPU
		{FA1EC4F7-1993-4178-AE65-D3D843DB9986}.Debug|Any CPU.ActiveCfg = Debug|Any CPU
		{FA1EC4F7-1993-4178-AE65-D3D843DB9986}.Debug|Any CPU.Build.0 = Debug|Any CPU
		{FA1EC4F7-1993-4178-AE65-D3D843DB9986}.Release|Any CPU.ActiveCfg = Release|Any CPU
		{FA1EC4F7-1993-4178-AE65-D3D843DB9986}.Release|Any CPU.Build.0 = Release|Any CPU
		{1AE8B084-6499-476D-B106-B8F2D9CFCFE3}.Debug|Any CPU.ActiveCfg = Debug|Any CPU
		{1AE8B084-6499-476D-B106-B8F2D9CFCFE3}.Debug|Any CPU.Build.0 = Debug|Any CPU
		{1AE8B084-6499-476D-B106-B8F2D9CFCFE3}.Release|Any CPU.ActiveCfg = Release|Any CPU
		{1AE8B084-6499-476D-B106-B8F2D9CFCFE3}.Release|Any CPU.Build.0 = Release|Any CPU
		{A878A385-3C93-4ED7-A828-FA1D2D3E9BC4}.Debug|Any CPU.ActiveCfg = Debug|Any CPU
		{A878A385-3C93-4ED7-A828-FA1D2D3E9BC4}.Debug|Any CPU.Build.0 = Debug|Any CPU
		{A878A385-3C93-4ED7-A828-FA1D2D3E9BC4}.Release|Any CPU.ActiveCfg = Release|Any CPU
		{A878A385-3C93-4ED7-A828-FA1D2D3E9BC4}.Release|Any CPU.Build.0 = Release|Any CPU
		{CA970C81-EF42-4FD5-830A-B86AC2415788}.Debug|Any CPU.ActiveCfg = Debug|Any CPU
		{CA970C81-EF42-4FD5-830A-B86AC2415788}.Debug|Any CPU.Build.0 = Debug|Any CPU
		{CA970C81-EF42-4FD5-830A-B86AC2415788}.Release|Any CPU.ActiveCfg = Release|Any CPU
		{CA970C81-EF42-4FD5-830A-B86AC2415788}.Release|Any CPU.Build.0 = Release|Any CPU
		{93D18335-DA0F-4E8A-93AA-49B1B4FDBD81}.Debug|Any CPU.ActiveCfg = Debug|Any CPU
		{93D18335-DA0F-4E8A-93AA-49B1B4FDBD81}.Debug|Any CPU.Build.0 = Debug|Any CPU
		{93D18335-DA0F-4E8A-93AA-49B1B4FDBD81}.Release|Any CPU.ActiveCfg = Release|Any CPU
		{93D18335-DA0F-4E8A-93AA-49B1B4FDBD81}.Release|Any CPU.Build.0 = Release|Any CPU
		{714633E7-13B6-4D82-94D3-6491A10E885C}.Debug|Any CPU.ActiveCfg = Debug|Any CPU
		{714633E7-13B6-4D82-94D3-6491A10E885C}.Debug|Any CPU.Build.0 = Debug|Any CPU
		{714633E7-13B6-4D82-94D3-6491A10E885C}.Release|Any CPU.ActiveCfg = Release|Any CPU
		{714633E7-13B6-4D82-94D3-6491A10E885C}.Release|Any CPU.Build.0 = Release|Any CPU
		{F0DC4FC9-5BFB-468D-AD0C-BF25AD73AEDD}.Debug|Any CPU.ActiveCfg = Debug|Any CPU
		{F0DC4FC9-5BFB-468D-AD0C-BF25AD73AEDD}.Debug|Any CPU.Build.0 = Debug|Any CPU
		{F0DC4FC9-5BFB-468D-AD0C-BF25AD73AEDD}.Release|Any CPU.ActiveCfg = Release|Any CPU
		{F0DC4FC9-5BFB-468D-AD0C-BF25AD73AEDD}.Release|Any CPU.Build.0 = Release|Any CPU
		{66967761-102F-4353-8D51-47B415B55495}.Debug|Any CPU.ActiveCfg = Debug|Any CPU
		{66967761-102F-4353-8D51-47B415B55495}.Debug|Any CPU.Build.0 = Debug|Any CPU
		{66967761-102F-4353-8D51-47B415B55495}.Release|Any CPU.ActiveCfg = Release|Any CPU
		{66967761-102F-4353-8D51-47B415B55495}.Release|Any CPU.Build.0 = Release|Any CPU
		{C7AC5CB1-46C5-454D-8E93-D73FCF0C1C21}.Debug|Any CPU.ActiveCfg = Debug|Any CPU
		{C7AC5CB1-46C5-454D-8E93-D73FCF0C1C21}.Debug|Any CPU.Build.0 = Debug|Any CPU
		{C7AC5CB1-46C5-454D-8E93-D73FCF0C1C21}.Release|Any CPU.ActiveCfg = Release|Any CPU
		{C7AC5CB1-46C5-454D-8E93-D73FCF0C1C21}.Release|Any CPU.Build.0 = Release|Any CPU
		{86C2DAA6-0048-4839-8E05-42E5B768C67A}.Debug|Any CPU.ActiveCfg = Debug|Any CPU
		{86C2DAA6-0048-4839-8E05-42E5B768C67A}.Debug|Any CPU.Build.0 = Debug|Any CPU
		{86C2DAA6-0048-4839-8E05-42E5B768C67A}.Release|Any CPU.ActiveCfg = Release|Any CPU
		{86C2DAA6-0048-4839-8E05-42E5B768C67A}.Release|Any CPU.Build.0 = Release|Any CPU
		{905D4A3E-66E0-4761-922E-5A5059C4B44B}.Debug|Any CPU.ActiveCfg = Debug|Any CPU
		{905D4A3E-66E0-4761-922E-5A5059C4B44B}.Debug|Any CPU.Build.0 = Debug|Any CPU
		{905D4A3E-66E0-4761-922E-5A5059C4B44B}.Release|Any CPU.ActiveCfg = Release|Any CPU
		{905D4A3E-66E0-4761-922E-5A5059C4B44B}.Release|Any CPU.Build.0 = Release|Any CPU
		{CD7BD47C-1A3C-45A4-A1BA-BE78D22D237F}.Debug|Any CPU.ActiveCfg = Debug|Any CPU
		{CD7BD47C-1A3C-45A4-A1BA-BE78D22D237F}.Debug|Any CPU.Build.0 = Debug|Any CPU
		{CD7BD47C-1A3C-45A4-A1BA-BE78D22D237F}.Release|Any CPU.ActiveCfg = Release|Any CPU
		{CD7BD47C-1A3C-45A4-A1BA-BE78D22D237F}.Release|Any CPU.Build.0 = Release|Any CPU
		{07A04F71-1CE6-43C5-9C73-09545807DC10}.Debug|Any CPU.ActiveCfg = Debug|Any CPU
		{07A04F71-1CE6-43C5-9C73-09545807DC10}.Debug|Any CPU.Build.0 = Debug|Any CPU
		{07A04F71-1CE6-43C5-9C73-09545807DC10}.Release|Any CPU.ActiveCfg = Release|Any CPU
		{07A04F71-1CE6-43C5-9C73-09545807DC10}.Release|Any CPU.Build.0 = Release|Any CPU
		{4C142C8D-BCC8-41FE-B662-9CE4177C4D97}.Debug|Any CPU.ActiveCfg = Debug|Any CPU
		{4C142C8D-BCC8-41FE-B662-9CE4177C4D97}.Debug|Any CPU.Build.0 = Debug|Any CPU
		{4C142C8D-BCC8-41FE-B662-9CE4177C4D97}.Release|Any CPU.ActiveCfg = Release|Any CPU
		{4C142C8D-BCC8-41FE-B662-9CE4177C4D97}.Release|Any CPU.Build.0 = Release|Any CPU
		{548F97CD-F0F9-4492-9282-0796AB6C380B}.Debug|Any CPU.ActiveCfg = Debug|Any CPU
		{548F97CD-F0F9-4492-9282-0796AB6C380B}.Debug|Any CPU.Build.0 = Debug|Any CPU
		{548F97CD-F0F9-4492-9282-0796AB6C380B}.Release|Any CPU.ActiveCfg = Release|Any CPU
		{548F97CD-F0F9-4492-9282-0796AB6C380B}.Release|Any CPU.Build.0 = Release|Any CPU
		{253EF705-1EA2-4F45-ACED-89F2A8337EB8}.Debug|Any CPU.ActiveCfg = Debug|Any CPU
		{253EF705-1EA2-4F45-ACED-89F2A8337EB8}.Debug|Any CPU.Build.0 = Debug|Any CPU
		{253EF705-1EA2-4F45-ACED-89F2A8337EB8}.Release|Any CPU.ActiveCfg = Release|Any CPU
		{253EF705-1EA2-4F45-ACED-89F2A8337EB8}.Release|Any CPU.Build.0 = Release|Any CPU
		{32B535BB-43D6-4948-B9C8-E13C689034EC}.Debug|Any CPU.ActiveCfg = Debug|Any CPU
		{32B535BB-43D6-4948-B9C8-E13C689034EC}.Debug|Any CPU.Build.0 = Debug|Any CPU
		{32B535BB-43D6-4948-B9C8-E13C689034EC}.Release|Any CPU.ActiveCfg = Release|Any CPU
		{32B535BB-43D6-4948-B9C8-E13C689034EC}.Release|Any CPU.Build.0 = Release|Any CPU
		{EA23CA40-EE47-4BBC-9B46-CD117A75CDFA}.Debug|Any CPU.ActiveCfg = Debug|Any CPU
		{EA23CA40-EE47-4BBC-9B46-CD117A75CDFA}.Debug|Any CPU.Build.0 = Debug|Any CPU
		{EA23CA40-EE47-4BBC-9B46-CD117A75CDFA}.Release|Any CPU.ActiveCfg = Release|Any CPU
		{EA23CA40-EE47-4BBC-9B46-CD117A75CDFA}.Release|Any CPU.Build.0 = Release|Any CPU
		{C21BF778-98E3-41DB-AA65-5611529D17A9}.Debug|Any CPU.ActiveCfg = Debug|Any CPU
		{C21BF778-98E3-41DB-AA65-5611529D17A9}.Debug|Any CPU.Build.0 = Debug|Any CPU
		{C21BF778-98E3-41DB-AA65-5611529D17A9}.Release|Any CPU.ActiveCfg = Release|Any CPU
		{C21BF778-98E3-41DB-AA65-5611529D17A9}.Release|Any CPU.Build.0 = Release|Any CPU
		{45C022E5-739D-43A1-B573-68F752385232}.Debug|Any CPU.ActiveCfg = Debug|Any CPU
		{45C022E5-739D-43A1-B573-68F752385232}.Debug|Any CPU.Build.0 = Debug|Any CPU
		{45C022E5-739D-43A1-B573-68F752385232}.Release|Any CPU.ActiveCfg = Release|Any CPU
		{45C022E5-739D-43A1-B573-68F752385232}.Release|Any CPU.Build.0 = Release|Any CPU
		{BF28D1B6-5640-400A-9A60-486465839730}.Debug|Any CPU.ActiveCfg = Debug|Any CPU
		{BF28D1B6-5640-400A-9A60-486465839730}.Debug|Any CPU.Build.0 = Debug|Any CPU
		{BF28D1B6-5640-400A-9A60-486465839730}.Release|Any CPU.ActiveCfg = Release|Any CPU
		{BF28D1B6-5640-400A-9A60-486465839730}.Release|Any CPU.Build.0 = Release|Any CPU
		{40345234-E89F-4E70-A3EB-2A089A62B549}.Debug|Any CPU.ActiveCfg = Debug|Any CPU
		{40345234-E89F-4E70-A3EB-2A089A62B549}.Debug|Any CPU.Build.0 = Debug|Any CPU
		{40345234-E89F-4E70-A3EB-2A089A62B549}.Release|Any CPU.ActiveCfg = Release|Any CPU
		{40345234-E89F-4E70-A3EB-2A089A62B549}.Release|Any CPU.Build.0 = Release|Any CPU
		{516B73FA-4D2D-4002-B26B-FC31C1B7DBFB}.Debug|Any CPU.ActiveCfg = Debug|Any CPU
		{516B73FA-4D2D-4002-B26B-FC31C1B7DBFB}.Debug|Any CPU.Build.0 = Debug|Any CPU
		{516B73FA-4D2D-4002-B26B-FC31C1B7DBFB}.Release|Any CPU.ActiveCfg = Release|Any CPU
		{516B73FA-4D2D-4002-B26B-FC31C1B7DBFB}.Release|Any CPU.Build.0 = Release|Any CPU
		{1350B476-EA2D-4888-A445-6E6130C676C0}.Debug|Any CPU.ActiveCfg = Debug|Any CPU
		{1350B476-EA2D-4888-A445-6E6130C676C0}.Debug|Any CPU.Build.0 = Debug|Any CPU
		{1350B476-EA2D-4888-A445-6E6130C676C0}.Release|Any CPU.ActiveCfg = Release|Any CPU
		{1350B476-EA2D-4888-A445-6E6130C676C0}.Release|Any CPU.Build.0 = Release|Any CPU
		{4661F86D-0DD1-499E-8F23-AF5C1A042410}.Debug|Any CPU.ActiveCfg = Debug|Any CPU
		{4661F86D-0DD1-499E-8F23-AF5C1A042410}.Debug|Any CPU.Build.0 = Debug|Any CPU
		{4661F86D-0DD1-499E-8F23-AF5C1A042410}.Release|Any CPU.ActiveCfg = Release|Any CPU
		{4661F86D-0DD1-499E-8F23-AF5C1A042410}.Release|Any CPU.Build.0 = Release|Any CPU
		{E7A03FF1-86F2-480A-A4CD-69864B718035}.Debug|Any CPU.ActiveCfg = Debug|Any CPU
		{E7A03FF1-86F2-480A-A4CD-69864B718035}.Debug|Any CPU.Build.0 = Debug|Any CPU
		{E7A03FF1-86F2-480A-A4CD-69864B718035}.Release|Any CPU.ActiveCfg = Release|Any CPU
		{E7A03FF1-86F2-480A-A4CD-69864B718035}.Release|Any CPU.Build.0 = Release|Any CPU
		{42AE7DA0-9ACB-4DAC-9031-5C90D4E7E2B9}.Debug|Any CPU.ActiveCfg = Debug|Any CPU
		{42AE7DA0-9ACB-4DAC-9031-5C90D4E7E2B9}.Debug|Any CPU.Build.0 = Debug|Any CPU
		{42AE7DA0-9ACB-4DAC-9031-5C90D4E7E2B9}.Release|Any CPU.ActiveCfg = Release|Any CPU
		{42AE7DA0-9ACB-4DAC-9031-5C90D4E7E2B9}.Release|Any CPU.Build.0 = Release|Any CPU
		{39EAF236-525A-41C4-ADB8-C36097A72C21}.Debug|Any CPU.ActiveCfg = Debug|Any CPU
		{39EAF236-525A-41C4-ADB8-C36097A72C21}.Debug|Any CPU.Build.0 = Debug|Any CPU
		{39EAF236-525A-41C4-ADB8-C36097A72C21}.Release|Any CPU.ActiveCfg = Release|Any CPU
		{39EAF236-525A-41C4-ADB8-C36097A72C21}.Release|Any CPU.Build.0 = Release|Any CPU
		{986B3F93-2C15-4961-8F23-534B08777A12}.Debug|Any CPU.ActiveCfg = Debug|Any CPU
		{986B3F93-2C15-4961-8F23-534B08777A12}.Debug|Any CPU.Build.0 = Debug|Any CPU
		{986B3F93-2C15-4961-8F23-534B08777A12}.Release|Any CPU.ActiveCfg = Release|Any CPU
		{986B3F93-2C15-4961-8F23-534B08777A12}.Release|Any CPU.Build.0 = Release|Any CPU
		{F2E51E84-A331-406D-ACFF-AE9E961D11DE}.Debug|Any CPU.ActiveCfg = Debug|Any CPU
		{F2E51E84-A331-406D-ACFF-AE9E961D11DE}.Debug|Any CPU.Build.0 = Debug|Any CPU
		{F2E51E84-A331-406D-ACFF-AE9E961D11DE}.Release|Any CPU.ActiveCfg = Release|Any CPU
		{F2E51E84-A331-406D-ACFF-AE9E961D11DE}.Release|Any CPU.Build.0 = Release|Any CPU
		{A4860AFD-57E0-4D7E-A5C1-D928AE4F36B8}.Debug|Any CPU.ActiveCfg = Debug|Any CPU
		{A4860AFD-57E0-4D7E-A5C1-D928AE4F36B8}.Debug|Any CPU.Build.0 = Debug|Any CPU
		{A4860AFD-57E0-4D7E-A5C1-D928AE4F36B8}.Release|Any CPU.ActiveCfg = Release|Any CPU
		{A4860AFD-57E0-4D7E-A5C1-D928AE4F36B8}.Release|Any CPU.Build.0 = Release|Any CPU
		{08EF18B5-50AF-4AB2-B9EF-194055D7704B}.Debug|Any CPU.ActiveCfg = Debug|Any CPU
		{08EF18B5-50AF-4AB2-B9EF-194055D7704B}.Debug|Any CPU.Build.0 = Debug|Any CPU
		{08EF18B5-50AF-4AB2-B9EF-194055D7704B}.Release|Any CPU.ActiveCfg = Release|Any CPU
		{08EF18B5-50AF-4AB2-B9EF-194055D7704B}.Release|Any CPU.Build.0 = Release|Any CPU
		{DA3FA029-BB01-4412-ADB5-3A068824172C}.Debug|Any CPU.ActiveCfg = Debug|Any CPU
		{DA3FA029-BB01-4412-ADB5-3A068824172C}.Debug|Any CPU.Build.0 = Debug|Any CPU
		{DA3FA029-BB01-4412-ADB5-3A068824172C}.Release|Any CPU.ActiveCfg = Release|Any CPU
		{DA3FA029-BB01-4412-ADB5-3A068824172C}.Release|Any CPU.Build.0 = Release|Any CPU
		{A0494566-977C-4764-9308-E65200945BF2}.Debug|Any CPU.ActiveCfg = Debug|Any CPU
		{A0494566-977C-4764-9308-E65200945BF2}.Debug|Any CPU.Build.0 = Debug|Any CPU
		{A0494566-977C-4764-9308-E65200945BF2}.Release|Any CPU.ActiveCfg = Release|Any CPU
		{A0494566-977C-4764-9308-E65200945BF2}.Release|Any CPU.Build.0 = Release|Any CPU
		{24D1EA2C-E4EA-4E3A-B6DE-CC6E5E17960D}.Debug|Any CPU.ActiveCfg = Debug|Any CPU
		{24D1EA2C-E4EA-4E3A-B6DE-CC6E5E17960D}.Debug|Any CPU.Build.0 = Debug|Any CPU
		{24D1EA2C-E4EA-4E3A-B6DE-CC6E5E17960D}.Release|Any CPU.ActiveCfg = Release|Any CPU
		{24D1EA2C-E4EA-4E3A-B6DE-CC6E5E17960D}.Release|Any CPU.Build.0 = Release|Any CPU
		{EA2C0B6F-ACE0-4A73-99B0-E716D56C0E99}.Debug|Any CPU.ActiveCfg = Debug|Any CPU
		{EA2C0B6F-ACE0-4A73-99B0-E716D56C0E99}.Debug|Any CPU.Build.0 = Debug|Any CPU
		{EA2C0B6F-ACE0-4A73-99B0-E716D56C0E99}.Release|Any CPU.ActiveCfg = Release|Any CPU
		{EA2C0B6F-ACE0-4A73-99B0-E716D56C0E99}.Release|Any CPU.Build.0 = Release|Any CPU
		{9EF1CBF5-967B-40F6-A008-E4A2E5437832}.Debug|Any CPU.ActiveCfg = Debug|Any CPU
		{9EF1CBF5-967B-40F6-A008-E4A2E5437832}.Debug|Any CPU.Build.0 = Debug|Any CPU
		{9EF1CBF5-967B-40F6-A008-E4A2E5437832}.Release|Any CPU.ActiveCfg = Release|Any CPU
		{9EF1CBF5-967B-40F6-A008-E4A2E5437832}.Release|Any CPU.Build.0 = Release|Any CPU
		{516BB6F2-BCFC-452C-86B8-D1DDE76D346A}.Debug|Any CPU.ActiveCfg = Debug|Any CPU
		{516BB6F2-BCFC-452C-86B8-D1DDE76D346A}.Debug|Any CPU.Build.0 = Debug|Any CPU
		{516BB6F2-BCFC-452C-86B8-D1DDE76D346A}.Release|Any CPU.ActiveCfg = Release|Any CPU
		{516BB6F2-BCFC-452C-86B8-D1DDE76D346A}.Release|Any CPU.Build.0 = Release|Any CPU
		{92107233-4AF1-4E7C-BC80-ED74F440A41F}.Debug|Any CPU.ActiveCfg = Debug|Any CPU
		{92107233-4AF1-4E7C-BC80-ED74F440A41F}.Debug|Any CPU.Build.0 = Debug|Any CPU
		{92107233-4AF1-4E7C-BC80-ED74F440A41F}.Release|Any CPU.ActiveCfg = Release|Any CPU
		{92107233-4AF1-4E7C-BC80-ED74F440A41F}.Release|Any CPU.Build.0 = Release|Any CPU
		{F2277CAB-8205-48BA-B8E3-937E691F2290}.Debug|Any CPU.ActiveCfg = Debug|Any CPU
		{F2277CAB-8205-48BA-B8E3-937E691F2290}.Debug|Any CPU.Build.0 = Debug|Any CPU
		{F2277CAB-8205-48BA-B8E3-937E691F2290}.Release|Any CPU.ActiveCfg = Release|Any CPU
		{F2277CAB-8205-48BA-B8E3-937E691F2290}.Release|Any CPU.Build.0 = Release|Any CPU
	EndGlobalSection
	GlobalSection(SolutionProperties) = preSolution
		HideSolutionNode = FALSE
	EndGlobalSection
	GlobalSection(ExtensibilityGlobals) = postSolution
		SolutionGuid = {BB9CB400-54CA-4326-84E1-55A6AE3C63DD}
	EndGlobalSection
EndGlobal
